// !$*UTF8*$!
{
	archiveVersion = 1;
	classes = {
	};
	objectVersion = 48;
	objects = {

/* Begin PBXBuildFile section */
		A025A7261FD63EE100BB68D5 /* ALCubeTransitionViewController.m in Sources */ = {isa = PBXBuildFile; fileRef = A025A7251FD63EE100BB68D5 /* ALCubeTransitionViewController.m */; };
		A041904A1FD127840084D78E /* ALControllerManager.m in Sources */ = {isa = PBXBuildFile; fileRef = A04190491FD127840084D78E /* ALControllerManager.m */; };
		A04190501FD128730084D78E /* ALBasicViewController.m in Sources */ = {isa = PBXBuildFile; fileRef = A041904F1FD128730084D78E /* ALBasicViewController.m */; };
		A04190531FD12BF70084D78E /* TestView.m in Sources */ = {isa = PBXBuildFile; fileRef = A04190521FD12BF70084D78E /* TestView.m */; };
		A06878781FD252300010C5DD /* ALCubeTransitionLabel.m in Sources */ = {isa = PBXBuildFile; fileRef = A06878771FD252300010C5DD /* ALCubeTransitionLabel.m */; };
		A0C9AA1A1FD1015D007C139E /* AppDelegate.m in Sources */ = {isa = PBXBuildFile; fileRef = A0C9AA191FD1015D007C139E /* AppDelegate.m */; };
		A0C9AA1D1FD1015D007C139E /* ViewController.m in Sources */ = {isa = PBXBuildFile; fileRef = A0C9AA1C1FD1015D007C139E /* ViewController.m */; };
		A0C9AA201FD1015E007C139E /* Main.storyboard in Resources */ = {isa = PBXBuildFile; fileRef = A0C9AA1E1FD1015E007C139E /* Main.storyboard */; };
		A0C9AA221FD1015E007C139E /* Assets.xcassets in Resources */ = {isa = PBXBuildFile; fileRef = A0C9AA211FD1015E007C139E /* Assets.xcassets */; };
		A0C9AA251FD1015E007C139E /* LaunchScreen.storyboard in Resources */ = {isa = PBXBuildFile; fileRef = A0C9AA231FD1015E007C139E /* LaunchScreen.storyboard */; };
		A0C9AA281FD1015E007C139E /* main.m in Sources */ = {isa = PBXBuildFile; fileRef = A0C9AA271FD1015E007C139E /* main.m */; };
		A0C9AA311FD10508007C139E /* ALModel.m in Sources */ = {isa = PBXBuildFile; fileRef = A0C9AA301FD10508007C139E /* ALModel.m */; };
/* End PBXBuildFile section */

/* Begin PBXFileReference section */
		A025A7241FD63EE100BB68D5 /* ALCubeTransitionViewController.h */ = {isa = PBXFileReference; lastKnownFileType = sourcecode.c.h; path = ALCubeTransitionViewController.h; sourceTree = "<group>"; };
		A025A7251FD63EE100BB68D5 /* ALCubeTransitionViewController.m */ = {isa = PBXFileReference; lastKnownFileType = sourcecode.c.objc; path = ALCubeTransitionViewController.m; sourceTree = "<group>"; };
		A04190481FD127840084D78E /* ALControllerManager.h */ = {isa = PBXFileReference; lastKnownFileType = sourcecode.c.h; path = ALControllerManager.h; sourceTree = "<group>"; };
		A04190491FD127840084D78E /* ALControllerManager.m */ = {isa = PBXFileReference; lastKnownFileType = sourcecode.c.objc; path = ALControllerManager.m; sourceTree = "<group>"; };
		A041904E1FD128730084D78E /* ALBasicViewController.h */ = {isa = PBXFileReference; lastKnownFileType = sourcecode.c.h; path = ALBasicViewController.h; sourceTree = "<group>"; };
		A041904F1FD128730084D78E /* ALBasicViewController.m */ = {isa = PBXFileReference; lastKnownFileType = sourcecode.c.objc; path = ALBasicViewController.m; sourceTree = "<group>"; };
		A04190511FD12BF70084D78E /* TestView.h */ = {isa = PBXFileReference; lastKnownFileType = sourcecode.c.h; path = TestView.h; sourceTree = "<group>"; };
		A04190521FD12BF70084D78E /* TestView.m */ = {isa = PBXFileReference; lastKnownFileType = sourcecode.c.objc; path = TestView.m; sourceTree = "<group>"; };
		A06878761FD252300010C5DD /* ALCubeTransitionLabel.h */ = {isa = PBXFileReference; lastKnownFileType = sourcecode.c.h; path = ALCubeTransitionLabel.h; sourceTree = "<group>"; };
		A06878771FD252300010C5DD /* ALCubeTransitionLabel.m */ = {isa = PBXFileReference; lastKnownFileType = sourcecode.c.objc; path = ALCubeTransitionLabel.m; sourceTree = "<group>"; };
		A0C9AA151FD1015D007C139E /* AnimationLabel.app */ = {isa = PBXFileReference; explicitFileType = wrapper.application; includeInIndex = 0; path = AnimationLabel.app; sourceTree = BUILT_PRODUCTS_DIR; };
		A0C9AA181FD1015D007C139E /* AppDelegate.h */ = {isa = PBXFileReference; lastKnownFileType = sourcecode.c.h; path = AppDelegate.h; sourceTree = "<group>"; };
		A0C9AA191FD1015D007C139E /* AppDelegate.m */ = {isa = PBXFileReference; lastKnownFileType = sourcecode.c.objc; path = AppDelegate.m; sourceTree = "<group>"; };
		A0C9AA1B1FD1015D007C139E /* ViewController.h */ = {isa = PBXFileReference; lastKnownFileType = sourcecode.c.h; path = ViewController.h; sourceTree = "<group>"; };
		A0C9AA1C1FD1015D007C139E /* ViewController.m */ = {isa = PBXFileReference; lastKnownFileType = sourcecode.c.objc; path = ViewController.m; sourceTree = "<group>"; };
		A0C9AA1F1FD1015E007C139E /* Base */ = {isa = PBXFileReference; lastKnownFileType = file.storyboard; name = Base; path = Base.lproj/Main.storyboard; sourceTree = "<group>"; };
		A0C9AA211FD1015E007C139E /* Assets.xcassets */ = {isa = PBXFileReference; lastKnownFileType = folder.assetcatalog; path = Assets.xcassets; sourceTree = "<group>"; };
		A0C9AA241FD1015E007C139E /* Base */ = {isa = PBXFileReference; lastKnownFileType = file.storyboard; name = Base; path = Base.lproj/LaunchScreen.storyboard; sourceTree = "<group>"; };
		A0C9AA261FD1015E007C139E /* Info.plist */ = {isa = PBXFileReference; lastKnownFileType = text.plist.xml; path = Info.plist; sourceTree = "<group>"; };
		A0C9AA271FD1015E007C139E /* main.m */ = {isa = PBXFileReference; lastKnownFileType = sourcecode.c.objc; path = main.m; sourceTree = "<group>"; };
		A0C9AA2F1FD10508007C139E /* ALModel.h */ = {isa = PBXFileReference; lastKnownFileType = sourcecode.c.h; path = ALModel.h; sourceTree = "<group>"; };
		A0C9AA301FD10508007C139E /* ALModel.m */ = {isa = PBXFileReference; lastKnownFileType = sourcecode.c.objc; path = ALModel.m; sourceTree = "<group>"; };
/* End PBXFileReference section */

/* Begin PBXFrameworksBuildPhase section */
		A0C9AA121FD1015D007C139E /* Frameworks */ = {
			isa = PBXFrameworksBuildPhase;
			buildActionMask = 2147483647;
			files = (
			);
			runOnlyForDeploymentPostprocessing = 0;
		};
/* End PBXFrameworksBuildPhase section */

/* Begin PBXGroup section */
		A041904B1FD128350084D78E /* View */ = {
			isa = PBXGroup;
			children = (
				A04190511FD12BF70084D78E /* TestView.h */,
				A04190521FD12BF70084D78E /* TestView.m */,
				A06878761FD252300010C5DD /* ALCubeTransitionLabel.h */,
				A06878771FD252300010C5DD /* ALCubeTransitionLabel.m */,
			);
			path = View;
			sourceTree = "<group>";
		};
		A041904D1FD128540084D78E /* ViewController */ = {
			isa = PBXGroup;
			children = (
				A041904E1FD128730084D78E /* ALBasicViewController.h */,
				A041904F1FD128730084D78E /* ALBasicViewController.m */,
				A025A7241FD63EE100BB68D5 /* ALCubeTransitionViewController.h */,
				A025A7251FD63EE100BB68D5 /* ALCubeTransitionViewController.m */,
			);
			path = ViewController;
			sourceTree = "<group>";
		};
		A0C9AA0C1FD1015D007C139E = {
			isa = PBXGroup;
			children = (
				A0C9AA171FD1015D007C139E /* AnimationLabel */,
				A0C9AA161FD1015D007C139E /* Products */,
			);
			sourceTree = "<group>";
		};
		A0C9AA161FD1015D007C139E /* Products */ = {
			isa = PBXGroup;
			children = (
				A0C9AA151FD1015D007C139E /* AnimationLabel.app */,
			);
			name = Products;
			sourceTree = "<group>";
		};
		A0C9AA171FD1015D007C139E /* AnimationLabel */ = {
			isa = PBXGroup;
			children = (
				A041904D1FD128540084D78E /* ViewController */,
				A041904B1FD128350084D78E /* View */,
				A0C9AA2E1FD104DA007C139E /* Model */,
				A0C9AA181FD1015D007C139E /* AppDelegate.h */,
				A0C9AA191FD1015D007C139E /* AppDelegate.m */,
				A0C9AA1B1FD1015D007C139E /* ViewController.h */,
				A0C9AA1C1FD1015D007C139E /* ViewController.m */,
				A0C9AA1E1FD1015E007C139E /* Main.storyboard */,
				A0C9AA211FD1015E007C139E /* Assets.xcassets */,
				A0C9AA231FD1015E007C139E /* LaunchScreen.storyboard */,
				A0C9AA261FD1015E007C139E /* Info.plist */,
				A0C9AA271FD1015E007C139E /* main.m */,
			);
			path = AnimationLabel;
			sourceTree = "<group>";
		};
		A0C9AA2E1FD104DA007C139E /* Model */ = {
			isa = PBXGroup;
			children = (
				A0C9AA2F1FD10508007C139E /* ALModel.h */,
				A0C9AA301FD10508007C139E /* ALModel.m */,
				A04190481FD127840084D78E /* ALControllerManager.h */,
				A04190491FD127840084D78E /* ALControllerManager.m */,
			);
			path = Model;
			sourceTree = "<group>";
		};
/* End PBXGroup section */

/* Begin PBXNativeTarget section */
		A0C9AA141FD1015D007C139E /* AnimationLabel */ = {
			isa = PBXNativeTarget;
			buildConfigurationList = A0C9AA2B1FD1015E007C139E /* Build configuration list for PBXNativeTarget "AnimationLabel" */;
			buildPhases = (
				A0C9AA111FD1015D007C139E /* Sources */,
				A0C9AA121FD1015D007C139E /* Frameworks */,
				A0C9AA131FD1015D007C139E /* Resources */,
			);
			buildRules = (
			);
			dependencies = (
			);
			name = AnimationLabel;
			productName = AnimationLabel;
			productReference = A0C9AA151FD1015D007C139E /* AnimationLabel.app */;
			productType = "com.apple.product-type.application";
		};
/* End PBXNativeTarget section */

/* Begin PBXProject section */
		A0C9AA0D1FD1015D007C139E /* Project object */ = {
			isa = PBXProject;
			attributes = {
				LastUpgradeCheck = 0910;
				ORGANIZATIONNAME = Hacky;
				TargetAttributes = {
					A0C9AA141FD1015D007C139E = {
						CreatedOnToolsVersion = 9.1;
						ProvisioningStyle = Automatic;
					};
				};
			};
			buildConfigurationList = A0C9AA101FD1015D007C139E /* Build configuration list for PBXProject "AnimationLabel" */;
			compatibilityVersion = "Xcode 8.0";
			developmentRegion = en;
			hasScannedForEncodings = 0;
			knownRegions = (
				en,
				Base,
			);
			mainGroup = A0C9AA0C1FD1015D007C139E;
			productRefGroup = A0C9AA161FD1015D007C139E /* Products */;
			projectDirPath = "";
			projectRoot = "";
			targets = (
				A0C9AA141FD1015D007C139E /* AnimationLabel */,
			);
		};
/* End PBXProject section */

/* Begin PBXResourcesBuildPhase section */
		A0C9AA131FD1015D007C139E /* Resources */ = {
			isa = PBXResourcesBuildPhase;
			buildActionMask = 2147483647;
			files = (
				A0C9AA251FD1015E007C139E /* LaunchScreen.storyboard in Resources */,
				A0C9AA221FD1015E007C139E /* Assets.xcassets in Resources */,
				A0C9AA201FD1015E007C139E /* Main.storyboard in Resources */,
			);
			runOnlyForDeploymentPostprocessing = 0;
		};
/* End PBXResourcesBuildPhase section */

/* Begin PBXSourcesBuildPhase section */
		A0C9AA111FD1015D007C139E /* Sources */ = {
			isa = PBXSourcesBuildPhase;
			buildActionMask = 2147483647;
			files = (
				A04190531FD12BF70084D78E /* TestView.m in Sources */,
				A06878781FD252300010C5DD /* ALCubeTransitionLabel.m in Sources */,
				A0C9AA1D1FD1015D007C139E /* ViewController.m in Sources */,
				A0C9AA281FD1015E007C139E /* main.m in Sources */,
				A04190501FD128730084D78E /* ALBasicViewController.m in Sources */,
				A025A7261FD63EE100BB68D5 /* ALCubeTransitionViewController.m in Sources */,
				A041904A1FD127840084D78E /* ALControllerManager.m in Sources */,
				A0C9AA311FD10508007C139E /* ALModel.m in Sources */,
				A0C9AA1A1FD1015D007C139E /* AppDelegate.m in Sources */,
			);
			runOnlyForDeploymentPostprocessing = 0;
		};
/* End PBXSourcesBuildPhase section */

/* Begin PBXVariantGroup section */
		A0C9AA1E1FD1015E007C139E /* Main.storyboard */ = {
			isa = PBXVariantGroup;
			children = (
				A0C9AA1F1FD1015E007C139E /* Base */,
			);
			name = Main.storyboard;
			sourceTree = "<group>";
		};
		A0C9AA231FD1015E007C139E /* LaunchScreen.storyboard */ = {
			isa = PBXVariantGroup;
			children = (
				A0C9AA241FD1015E007C139E /* Base */,
			);
			name = LaunchScreen.storyboard;
			sourceTree = "<group>";
		};
/* End PBXVariantGroup section */

/* Begin XCBuildConfiguration section */
		A0C9AA291FD1015E007C139E /* Debug */ = {
			isa = XCBuildConfiguration;
			buildSettings = {
				ALWAYS_SEARCH_USER_PATHS = NO;
				CLANG_ANALYZER_NONNULL = YES;
				CLANG_ANALYZER_NUMBER_OBJECT_CONVERSION = YES_AGGRESSIVE;
				CLANG_CXX_LANGUAGE_STANDARD = "gnu++14";
				CLANG_CXX_LIBRARY = "libc++";
				CLANG_ENABLE_MODULES = YES;
				CLANG_ENABLE_OBJC_ARC = YES;
				CLANG_WARN_BLOCK_CAPTURE_AUTORELEASING = YES;
				CLANG_WARN_BOOL_CONVERSION = YES;
				CLANG_WARN_COMMA = YES;
				CLANG_WARN_CONSTANT_CONVERSION = YES;
				CLANG_WARN_DIRECT_OBJC_ISA_USAGE = YES_ERROR;
				CLANG_WARN_DOCUMENTATION_COMMENTS = YES;
				CLANG_WARN_EMPTY_BODY = YES;
				CLANG_WARN_ENUM_CONVERSION = YES;
				CLANG_WARN_INFINITE_RECURSION = YES;
				CLANG_WARN_INT_CONVERSION = YES;
				CLANG_WARN_NON_LITERAL_NULL_CONVERSION = YES;
				CLANG_WARN_OBJC_LITERAL_CONVERSION = YES;
				CLANG_WARN_OBJC_ROOT_CLASS = YES_ERROR;
				CLANG_WARN_RANGE_LOOP_ANALYSIS = YES;
				CLANG_WARN_STRICT_PROTOTYPES = YES;
				CLANG_WARN_SUSPICIOUS_MOVE = YES;
				CLANG_WARN_UNGUARDED_AVAILABILITY = YES_AGGRESSIVE;
				CLANG_WARN_UNREACHABLE_CODE = YES;
				CLANG_WARN__DUPLICATE_METHOD_MATCH = YES;
				CODE_SIGN_IDENTITY = "iPhone Developer";
				COPY_PHASE_STRIP = NO;
				DEBUG_INFORMATION_FORMAT = dwarf;
				ENABLE_STRICT_OBJC_MSGSEND = YES;
				ENABLE_TESTABILITY = YES;
				GCC_C_LANGUAGE_STANDARD = gnu11;
				GCC_DYNAMIC_NO_PIC = NO;
				GCC_NO_COMMON_BLOCKS = YES;
				GCC_OPTIMIZATION_LEVEL = 0;
				GCC_PREPROCESSOR_DEFINITIONS = (
					"DEBUG=1",
					"$(inherited)",
				);
				GCC_WARN_64_TO_32_BIT_CONVERSION = YES;
				GCC_WARN_ABOUT_RETURN_TYPE = YES_ERROR;
				GCC_WARN_UNDECLARED_SELECTOR = YES;
				GCC_WARN_UNINITIALIZED_AUTOS = YES_AGGRESSIVE;
				GCC_WARN_UNUSED_FUNCTION = YES;
				GCC_WARN_UNUSED_VARIABLE = YES;
				IPHONEOS_DEPLOYMENT_TARGET = 11.1;
				MTL_ENABLE_DEBUG_INFO = YES;
				ONLY_ACTIVE_ARCH = YES;
				SDKROOT = iphoneos;
			};
			name = Debug;
		};
		A0C9AA2A1FD1015E007C139E /* Release */ = {
			isa = XCBuildConfiguration;
			buildSettings = {
				ALWAYS_SEARCH_USER_PATHS = NO;
				CLANG_ANALYZER_NONNULL = YES;
				CLANG_ANALYZER_NUMBER_OBJECT_CONVERSION = YES_AGGRESSIVE;
				CLANG_CXX_LANGUAGE_STANDARD = "gnu++14";
				CLANG_CXX_LIBRARY = "libc++";
				CLANG_ENABLE_MODULES = YES;
				CLANG_ENABLE_OBJC_ARC = YES;
				CLANG_WARN_BLOCK_CAPTURE_AUTORELEASING = YES;
				CLANG_WARN_BOOL_CONVERSION = YES;
				CLANG_WARN_COMMA = YES;
				CLANG_WARN_CONSTANT_CONVERSION = YES;
				CLANG_WARN_DIRECT_OBJC_ISA_USAGE = YES_ERROR;
				CLANG_WARN_DOCUMENTATION_COMMENTS = YES;
				CLANG_WARN_EMPTY_BODY = YES;
				CLANG_WARN_ENUM_CONVERSION = YES;
				CLANG_WARN_INFINITE_RECURSION = YES;
				CLANG_WARN_INT_CONVERSION = YES;
				CLANG_WARN_NON_LITERAL_NULL_CONVERSION = YES;
				CLANG_WARN_OBJC_LITERAL_CONVERSION = YES;
				CLANG_WARN_OBJC_ROOT_CLASS = YES_ERROR;
				CLANG_WARN_RANGE_LOOP_ANALYSIS = YES;
				CLANG_WARN_STRICT_PROTOTYPES = YES;
				CLANG_WARN_SUSPICIOUS_MOVE = YES;
				CLANG_WARN_UNGUARDED_AVAILABILITY = YES_AGGRESSIVE;
				CLANG_WARN_UNREACHABLE_CODE = YES;
				CLANG_WARN__DUPLICATE_METHOD_MATCH = YES;
				CODE_SIGN_IDENTITY = "iPhone Developer";
				COPY_PHASE_STRIP = NO;
				DEBUG_INFORMATION_FORMAT = "dwarf-with-dsym";
				ENABLE_NS_ASSERTIONS = NO;
				ENABLE_STRICT_OBJC_MSGSEND = YES;
				GCC_C_LANGUAGE_STANDARD = gnu11;
				GCC_NO_COMMON_BLOCKS = YES;
				GCC_WARN_64_TO_32_BIT_CONVERSION = YES;
				GCC_WARN_ABOUT_RETURN_TYPE = YES_ERROR;
				GCC_WARN_UNDECLARED_SELECTOR = YES;
				GCC_WARN_UNINITIALIZED_AUTOS = YES_AGGRESSIVE;
				GCC_WARN_UNUSED_FUNCTION = YES;
				GCC_WARN_UNUSED_VARIABLE = YES;
				IPHONEOS_DEPLOYMENT_TARGET = 11.1;
				MTL_ENABLE_DEBUG_INFO = NO;
				SDKROOT = iphoneos;
				VALIDATE_PRODUCT = YES;
			};
			name = Release;
		};
		A0C9AA2C1FD1015E007C139E /* Debug */ = {
			isa = XCBuildConfiguration;
			buildSettings = {
				ASSETCATALOG_COMPILER_APPICON_NAME = AppIcon;
				CODE_SIGN_STYLE = Automatic;
				DEVELOPMENT_TEAM = "";
				INFOPLIST_FILE = AnimationLabel/Info.plist;
				LD_RUNPATH_SEARCH_PATHS = "$(inherited) @executable_path/Frameworks";
				PRODUCT_BUNDLE_IDENTIFIER = com.hacky.AnimationLabel;
				PRODUCT_NAME = "$(TARGET_NAME)";
				TARGETED_DEVICE_FAMILY = "1,2";
			};
			name = Debug;
		};
		A0C9AA2D1FD1015E007C139E /* Release */ = {
			isa = XCBuildConfiguration;
			buildSettings = {
				ASSETCATALOG_COMPILER_APPICON_NAME = AppIcon;
				CODE_SIGN_STYLE = Automatic;
				DEVELOPMENT_TEAM = "";
				INFOPLIST_FILE = AnimationLabel/Info.plist;
				LD_RUNPATH_SEARCH_PATHS = "$(inherited) @executable_path/Frameworks";
				PRODUCT_BUNDLE_IDENTIFIER = com.hacky.AnimationLabel;
				PRODUCT_NAME = "$(TARGET_NAME)";
				TARGETED_DEVICE_FAMILY = "1,2";
			};
			name = Release;
		};
/* End XCBuildConfiguration section */

/* Begin XCConfigurationList section */
		A0C9AA101FD1015D007C139E /* Build configuration list for PBXProject "AnimationLabel" */ = {
			isa = XCConfigurationList;
			buildConfigurations = (
				A0C9AA291FD1015E007C139E /* Debug */,
				A0C9AA2A1FD1015E007C139E /* Release */,
			);
			defaultConfigurationIsVisible = 0;
			defaultConfigurationName = Release;
		};
		A0C9AA2B1FD1015E007C139E /* Build configuration list for PBXNativeTarget "AnimationLabel" */ = {
			isa = XCConfigurationList;
			buildConfigurations = (
				A0C9AA2C1FD1015E007C139E /* Debug */,
				A0C9AA2D1FD1015E007C139E /* Release */,
			);
			defaultConfigurationIsVisible = 0;
			defaultConfigurationName = Release;
		};
/* End XCConfigurationList section */
	};
	rootObject = A0C9AA0D1FD1015D007C139E /* Project object */;
}
